
Microsoft Visual Studio Solution File, Format Version 12.00
# Visual Studio Version 16
VisualStudioVersion = 16.0.29102.190
MinimumVisualStudioVersion = 10.0.40219.1
Project("{FAE04EC0-301F-11D3-BF4B-00C04F79EFBC}") = "Lnkexecutor.CoreConsole", "Lnkexecutor.CoreConsole\Lnkexecutor.CoreConsole.csproj", "{4A6C851F-A9CF-46E9-B492-3F70FF4C041B}"
EndProject
Global
	GlobalSection(SolutionConfigurationPlatforms) = preSolution
		Debug|Any CPU = Debug|Any CPU
		Release|Any CPU = Release|Any CPU
	EndGlobalSection
	GlobalSection(ProjectConfigurationPlatforms) = postSolution
		{4A6C851F-A9CF-46E9-B492-3F70FF4C041B}.Debug|Any CPU.ActiveCfg = Debug|Any CPU
		{4A6C851F-A9CF-46E9-B492-3F70FF4C041B}.Debug|Any CPU.Build.0 = Debug|Any CPU
		{4A6C851F-A9CF-46E9-B492-3F70FF4C041B}.Release|Any CPU.ActiveCfg = Release|Any CPU
		{4A6C851F-A9CF-46E9-B492-3F70FF4C041B}.Release|Any CPU.Build.0 = Release|Any CPU
	EndGlobalSection
	GlobalSection(SolutionProperties) = preSolution
		HideSolutionNode = FALSE
	EndGlobalSection
	GlobalSection(ExtensibilityGlobals) = postSolution
		SolutionGuid = {6B5FAB09-E8E4-4A93-8E24-B377E225DB6E}
	EndGlobalSection
EndGlobal
